// !$*UTF8*$!
{
	archiveVersion = 1;
	classes = {
	};
	objectVersion = 56;
	objects = {

/* Begin PBXBuildFile section */
		F1032EAD2ACD618400905F5C /* Protocol NavBarListener.swift in Sources */ = {isa = PBXBuildFile; fileRef = F1032EAC2ACD618400905F5C /* Protocol NavBarListener.swift */; };
		F1032EAF2ACD978A00905F5C /* CalendarPicker.swift in Sources */ = {isa = PBXBuildFile; fileRef = F1032EAE2ACD978A00905F5C /* CalendarPicker.swift */; };
		F1032EB12ACDF60500905F5C /* Camera_RoversFilterPicker.swift in Sources */ = {isa = PBXBuildFile; fileRef = F1032EB02ACDF60500905F5C /* Camera_RoversFilterPicker.swift */; };
		F1032EB32ACE2F2100905F5C /* HistoryViewController.swift in Sources */ = {isa = PBXBuildFile; fileRef = F1032EB22ACE2F2100905F5C /* HistoryViewController.swift */; };
		F1032EB62ACE913700905F5C /* Alamofire in Frameworks */ = {isa = PBXBuildFile; productRef = F1032EB52ACE913700905F5C /* Alamofire */; };
		F1032EBA2ACE9EE900905F5C /* SpaceCameraImages.swift in Sources */ = {isa = PBXBuildFile; fileRef = F1032EB92ACE9EE900905F5C /* SpaceCameraImages.swift */; };
		F1032EBD2ACEA6CF00905F5C /* SwiftyJSON in Frameworks */ = {isa = PBXBuildFile; productRef = F1032EBC2ACEA6CF00905F5C /* SwiftyJSON */; };
		F1032EC02AD31BC700905F5C /* moa in Frameworks */ = {isa = PBXBuildFile; productRef = F1032EBF2AD31BC700905F5C /* moa */; };
		F1032EC22AD328F400905F5C /* ImageView.swift in Sources */ = {isa = PBXBuildFile; fileRef = F1032EC12AD328F400905F5C /* ImageView.swift */; };
		F1032EC62AD415CF00905F5C /* Potocol Cell Listener.swift in Sources */ = {isa = PBXBuildFile; fileRef = F1032EC52AD415CF00905F5C /* Potocol Cell Listener.swift */; };
		F1032EC92AD4165500905F5C /* Extension CALayer.swift in Sources */ = {isa = PBXBuildFile; fileRef = F1032EC82AD4165500905F5C /* Extension CALayer.swift */; };
		F1032EDF2AD4445500905F5C /* HistoryTableViewcell.swift in Sources */ = {isa = PBXBuildFile; fileRef = F1032EDD2AD4445500905F5C /* HistoryTableViewcell.swift */; };
		F1032EE02AD4445500905F5C /* HistoryTableViewcell.xib in Resources */ = {isa = PBXBuildFile; fileRef = F1032EDE2AD4445500905F5C /* HistoryTableViewcell.xib */; };
		F1032EE52AD4B30000905F5C /* HistorySeacrhParam+CoreDataClass.swift in Sources */ = {isa = PBXBuildFile; fileRef = F1032EE32AD4B30000905F5C /* HistorySeacrhParam+CoreDataClass.swift */; };
		F1032EE62AD4B30000905F5C /* HistorySeacrhParam+CoreDataProperties.swift in Sources */ = {isa = PBXBuildFile; fileRef = F1032EE42AD4B30000905F5C /* HistorySeacrhParam+CoreDataProperties.swift */; };
		F125202D2ACC033C00F1CAA6 /* AppDelegate.swift in Sources */ = {isa = PBXBuildFile; fileRef = F125202C2ACC033C00F1CAA6 /* AppDelegate.swift */; };
		F125202F2ACC033C00F1CAA6 /* SceneDelegate.swift in Sources */ = {isa = PBXBuildFile; fileRef = F125202E2ACC033C00F1CAA6 /* SceneDelegate.swift */; };
		F12520312ACC033C00F1CAA6 /* ViewController.swift in Sources */ = {isa = PBXBuildFile; fileRef = F12520302ACC033C00F1CAA6 /* ViewController.swift */; };
		F12520342ACC033C00F1CAA6 /* Main.storyboard in Resources */ = {isa = PBXBuildFile; fileRef = F12520322ACC033C00F1CAA6 /* Main.storyboard */; };
		F12520372ACC033C00F1CAA6 /* MARS.xcdatamodeld in Sources */ = {isa = PBXBuildFile; fileRef = F12520352ACC033C00F1CAA6 /* MARS.xcdatamodeld */; };
		F12520392ACC033C00F1CAA6 /* Assets.xcassets in Resources */ = {isa = PBXBuildFile; fileRef = F12520382ACC033C00F1CAA6 /* Assets.xcassets */; };
		F125203C2ACC033C00F1CAA6 /* LaunchScreen.storyboard in Resources */ = {isa = PBXBuildFile; fileRef = F125203A2ACC033C00F1CAA6 /* LaunchScreen.storyboard */; };
		F12520442ACC1C6E00F1CAA6 /* CustomNavigationBar.swift in Sources */ = {isa = PBXBuildFile; fileRef = F12520432ACC1C6E00F1CAA6 /* CustomNavigationBar.swift */; };
		F12520462ACC1C8D00F1CAA6 /* CustomNavigationBar.xib in Resources */ = {isa = PBXBuildFile; fileRef = F12520452ACC1C8D00F1CAA6 /* CustomNavigationBar.xib */; };
		F125209E2ACC24C700F1CAA6 /* SF-Pro.ttf in Resources */ = {isa = PBXBuildFile; fileRef = F125206F2ACC24C600F1CAA6 /* SF-Pro.ttf */; };
		F12520A92ACCB1B600F1CAA6 /* MarsTableViewCell.swift in Sources */ = {isa = PBXBuildFile; fileRef = F12520A72ACCB1B600F1CAA6 /* MarsTableViewCell.swift */; };
		F12520AA2ACCB1B600F1CAA6 /* MarsTableViewCell.xib in Resources */ = {isa = PBXBuildFile; fileRef = F12520A82ACCB1B600F1CAA6 /* MarsTableViewCell.xib */; };
		F12520AC2ACCC2DF00F1CAA6 /* UILabel.swift in Sources */ = {isa = PBXBuildFile; fileRef = F12520AB2ACCC2DF00F1CAA6 /* UILabel.swift */; };
/* End PBXBuildFile section */

/* Begin PBXFileReference section */
		F1032EAC2ACD618400905F5C /* Protocol NavBarListener.swift */ = {isa = PBXFileReference; lastKnownFileType = sourcecode.swift; path = "Protocol NavBarListener.swift"; sourceTree = "<group>"; };
		F1032EAE2ACD978A00905F5C /* CalendarPicker.swift */ = {isa = PBXFileReference; lastKnownFileType = sourcecode.swift; path = CalendarPicker.swift; sourceTree = "<group>"; };
		F1032EB02ACDF60500905F5C /* Camera_RoversFilterPicker.swift */ = {isa = PBXFileReference; lastKnownFileType = sourcecode.swift; path = Camera_RoversFilterPicker.swift; sourceTree = "<group>"; };
		F1032EB22ACE2F2100905F5C /* HistoryViewController.swift */ = {isa = PBXFileReference; lastKnownFileType = sourcecode.swift; path = HistoryViewController.swift; sourceTree = "<group>"; };
		F1032EB92ACE9EE900905F5C /* SpaceCameraImages.swift */ = {isa = PBXFileReference; lastKnownFileType = sourcecode.swift; path = SpaceCameraImages.swift; sourceTree = "<group>"; };
		F1032EC12AD328F400905F5C /* ImageView.swift */ = {isa = PBXFileReference; lastKnownFileType = sourcecode.swift; path = ImageView.swift; sourceTree = "<group>"; };
		F1032EC52AD415CF00905F5C /* Potocol Cell Listener.swift */ = {isa = PBXFileReference; lastKnownFileType = sourcecode.swift; path = "Potocol Cell Listener.swift"; sourceTree = "<group>"; };
		F1032EC82AD4165500905F5C /* Extension CALayer.swift */ = {isa = PBXFileReference; lastKnownFileType = sourcecode.swift; path = "Extension CALayer.swift"; sourceTree = "<group>"; };
		F1032EDD2AD4445500905F5C /* HistoryTableViewcell.swift */ = {isa = PBXFileReference; lastKnownFileType = sourcecode.swift; path = HistoryTableViewcell.swift; sourceTree = "<group>"; };
		F1032EDE2AD4445500905F5C /* HistoryTableViewcell.xib */ = {isa = PBXFileReference; lastKnownFileType = file.xib; path = HistoryTableViewcell.xib; sourceTree = "<group>"; };
		F1032EE32AD4B30000905F5C /* HistorySeacrhParam+CoreDataClass.swift */ = {isa = PBXFileReference; lastKnownFileType = sourcecode.swift; path = "HistorySeacrhParam+CoreDataClass.swift"; sourceTree = "<group>"; };
		F1032EE42AD4B30000905F5C /* HistorySeacrhParam+CoreDataProperties.swift */ = {isa = PBXFileReference; lastKnownFileType = sourcecode.swift; path = "HistorySeacrhParam+CoreDataProperties.swift"; sourceTree = "<group>"; };
		F12520292ACC033C00F1CAA6 /* MARS.app */ = {isa = PBXFileReference; explicitFileType = wrapper.application; includeInIndex = 0; path = MARS.app; sourceTree = BUILT_PRODUCTS_DIR; };
		F125202C2ACC033C00F1CAA6 /* AppDelegate.swift */ = {isa = PBXFileReference; lastKnownFileType = sourcecode.swift; path = AppDelegate.swift; sourceTree = "<group>"; };
		F125202E2ACC033C00F1CAA6 /* SceneDelegate.swift */ = {isa = PBXFileReference; lastKnownFileType = sourcecode.swift; path = SceneDelegate.swift; sourceTree = "<group>"; };
		F12520302ACC033C00F1CAA6 /* ViewController.swift */ = {isa = PBXFileReference; lastKnownFileType = sourcecode.swift; path = ViewController.swift; sourceTree = "<group>"; };
		F12520332ACC033C00F1CAA6 /* Base */ = {isa = PBXFileReference; lastKnownFileType = file.storyboard; name = Base; path = Base.lproj/Main.storyboard; sourceTree = "<group>"; };
		F12520362ACC033C00F1CAA6 /* MARS.xcdatamodel */ = {isa = PBXFileReference; lastKnownFileType = wrapper.xcdatamodel; path = MARS.xcdatamodel; sourceTree = "<group>"; };
		F12520382ACC033C00F1CAA6 /* Assets.xcassets */ = {isa = PBXFileReference; lastKnownFileType = folder.assetcatalog; path = Assets.xcassets; sourceTree = "<group>"; };
		F125203B2ACC033C00F1CAA6 /* Base */ = {isa = PBXFileReference; lastKnownFileType = file.storyboard; name = Base; path = Base.lproj/LaunchScreen.storyboard; sourceTree = "<group>"; };
		F125203D2ACC033C00F1CAA6 /* Info.plist */ = {isa = PBXFileReference; lastKnownFileType = text.plist.xml; path = Info.plist; sourceTree = "<group>"; };
		F12520432ACC1C6E00F1CAA6 /* CustomNavigationBar.swift */ = {isa = PBXFileReference; lastKnownFileType = sourcecode.swift; path = CustomNavigationBar.swift; sourceTree = "<group>"; };
		F12520452ACC1C8D00F1CAA6 /* CustomNavigationBar.xib */ = {isa = PBXFileReference; lastKnownFileType = file.xib; path = CustomNavigationBar.xib; sourceTree = "<group>"; };
		F125206F2ACC24C600F1CAA6 /* SF-Pro.ttf */ = {isa = PBXFileReference; lastKnownFileType = file; path = "SF-Pro.ttf"; sourceTree = "<group>"; };
		F12520A72ACCB1B600F1CAA6 /* MarsTableViewCell.swift */ = {isa = PBXFileReference; lastKnownFileType = sourcecode.swift; path = MarsTableViewCell.swift; sourceTree = "<group>"; };
		F12520A82ACCB1B600F1CAA6 /* MarsTableViewCell.xib */ = {isa = PBXFileReference; lastKnownFileType = file.xib; path = MarsTableViewCell.xib; sourceTree = "<group>"; };
		F12520AB2ACCC2DF00F1CAA6 /* UILabel.swift */ = {isa = PBXFileReference; lastKnownFileType = sourcecode.swift; path = UILabel.swift; sourceTree = "<group>"; };
/* End PBXFileReference section */

/* Begin PBXFrameworksBuildPhase section */
		F12520262ACC033C00F1CAA6 /* Frameworks */ = {
			isa = PBXFrameworksBuildPhase;
			buildActionMask = 2147483647;
			files = (
				F1032EC02AD31BC700905F5C /* moa in Frameworks */,
				F1032EBD2ACEA6CF00905F5C /* SwiftyJSON in Frameworks */,
				F1032EB62ACE913700905F5C /* Alamofire in Frameworks */,
			);
			runOnlyForDeploymentPostprocessing = 0;
		};
/* End PBXFrameworksBuildPhase section */

/* Begin PBXGroup section */
		F1032EC32AD4138B00905F5C /* NavigationBar */ = {
			isa = PBXGroup;
			children = (
				F12520432ACC1C6E00F1CAA6 /* CustomNavigationBar.swift */,
				F12520452ACC1C8D00F1CAA6 /* CustomNavigationBar.xib */,
			);
			path = NavigationBar;
			sourceTree = "<group>";
		};
		F1032EC42AD413A800905F5C /* MainTableViewCell */ = {
			isa = PBXGroup;
			children = (
				F1032EC12AD328F400905F5C /* ImageView.swift */,
				F12520A72ACCB1B600F1CAA6 /* MarsTableViewCell.swift */,
				F12520A82ACCB1B600F1CAA6 /* MarsTableViewCell.xib */,
			);
			path = MainTableViewCell;
			sourceTree = "<group>";
		};
		F1032EC72AD415F200905F5C /* Protocols */ = {
			isa = PBXGroup;
			children = (
				F1032EAC2ACD618400905F5C /* Protocol NavBarListener.swift */,
				F1032EC52AD415CF00905F5C /* Potocol Cell Listener.swift */,
			);
			path = Protocols;
			sourceTree = "<group>";
		};
		F1032ECA2AD4197200905F5C /* Common */ = {
			isa = PBXGroup;
			children = (
				F125202C2ACC033C00F1CAA6 /* AppDelegate.swift */,
				F125202E2ACC033C00F1CAA6 /* SceneDelegate.swift */,
			);
			path = Common;
			sourceTree = "<group>";
		};
		F1032ECB2AD4396F00905F5C /* Extensions */ = {
			isa = PBXGroup;
			children = (
				F1032EC82AD4165500905F5C /* Extension CALayer.swift */,
				F12520AB2ACCC2DF00F1CAA6 /* UILabel.swift */,
			);
			path = Extensions;
			sourceTree = "<group>";
		};
		F1032ED42AD43AD900905F5C /* CoreData */ = {
			isa = PBXGroup;
			children = (
			);
			path = CoreData;
			sourceTree = "<group>";
		};
		F1032EE12AD4445B00905F5C /* History TV Cell */ = {
			isa = PBXGroup;
			children = (
				F1032EDE2AD4445500905F5C /* HistoryTableViewcell.xib */,
				F1032EDD2AD4445500905F5C /* HistoryTableViewcell.swift */,
			);
			path = "History TV Cell";
			sourceTree = "<group>";
		};
		F1032EE22AD4448F00905F5C /* Picker Controllers */ = {
			isa = PBXGroup;
			children = (
				F1032EB02ACDF60500905F5C /* Camera_RoversFilterPicker.swift */,
				F1032EAE2ACD978A00905F5C /* CalendarPicker.swift */,
			);
			path = "Picker Controllers";
			sourceTree = "<group>";
		};
		F12520202ACC033C00F1CAA6 = {
			isa = PBXGroup;
			children = (
				F1032EE32AD4B30000905F5C /* HistorySeacrhParam+CoreDataClass.swift */,
				F12520352ACC033C00F1CAA6 /* MARS.xcdatamodeld */,
				F1032EE42AD4B30000905F5C /* HistorySeacrhParam+CoreDataProperties.swift */,
				F1032ED42AD43AD900905F5C /* CoreData */,
				F125202B2ACC033C00F1CAA6 /* MARS */,
				F125202A2ACC033C00F1CAA6 /* Products */,
			);
			sourceTree = "<group>";
		};
		F125202A2ACC033C00F1CAA6 /* Products */ = {
			isa = PBXGroup;
			children = (
				F12520292ACC033C00F1CAA6 /* MARS.app */,
			);
			name = Products;
			sourceTree = "<group>";
		};
		F125202B2ACC033C00F1CAA6 /* MARS */ = {
			isa = PBXGroup;
			children = (
				F1032ECA2AD4197200905F5C /* Common */,
				F1032EB92ACE9EE900905F5C /* SpaceCameraImages.swift */,
				F12520302ACC033C00F1CAA6 /* ViewController.swift */,
				F1032EC42AD413A800905F5C /* MainTableViewCell */,
				F1032EE22AD4448F00905F5C /* Picker Controllers */,
				F1032EB22ACE2F2100905F5C /* HistoryViewController.swift */,
				F1032EE12AD4445B00905F5C /* History TV Cell */,
				F1032EC32AD4138B00905F5C /* NavigationBar */,
				F1032ECB2AD4396F00905F5C /* Extensions */,
				F1032EC72AD415F200905F5C /* Protocols */,
				F12520322ACC033C00F1CAA6 /* Main.storyboard */,
				F12520472ACC244E00F1CAA6 /* Fonts */,
				F12520382ACC033C00F1CAA6 /* Assets.xcassets */,
				F125203A2ACC033C00F1CAA6 /* LaunchScreen.storyboard */,
				F125203D2ACC033C00F1CAA6 /* Info.plist */,
			);
			path = MARS;
			sourceTree = "<group>";
		};
		F12520472ACC244E00F1CAA6 /* Fonts */ = {
			isa = PBXGroup;
			children = (
				F125206F2ACC24C600F1CAA6 /* SF-Pro.ttf */,
			);
			path = Fonts;
			sourceTree = "<group>";
		};
/* End PBXGroup section */

/* Begin PBXNativeTarget section */
		F12520282ACC033C00F1CAA6 /* MARS */ = {
			isa = PBXNativeTarget;
			buildConfigurationList = F12520402ACC033C00F1CAA6 /* Build configuration list for PBXNativeTarget "MARS" */;
			buildPhases = (
				F12520252ACC033C00F1CAA6 /* Sources */,
				F12520262ACC033C00F1CAA6 /* Frameworks */,
				F12520272ACC033C00F1CAA6 /* Resources */,
			);
			buildRules = (
			);
			dependencies = (
			);
			name = MARS;
			packageProductDependencies = (
				F1032EB52ACE913700905F5C /* Alamofire */,
				F1032EBC2ACEA6CF00905F5C /* SwiftyJSON */,
				F1032EBF2AD31BC700905F5C /* moa */,
			);
			productName = MARS;
			productReference = F12520292ACC033C00F1CAA6 /* MARS.app */;
			productType = "com.apple.product-type.application";
		};
/* End PBXNativeTarget section */

/* Begin PBXProject section */
		F12520212ACC033C00F1CAA6 /* Project object */ = {
			isa = PBXProject;
			attributes = {
				BuildIndependentTargetsInParallel = 1;
				LastSwiftUpdateCheck = 1430;
				LastUpgradeCheck = 1430;
				TargetAttributes = {
					F12520282ACC033C00F1CAA6 = {
						CreatedOnToolsVersion = 14.3;
					};
				};
			};
			buildConfigurationList = F12520242ACC033C00F1CAA6 /* Build configuration list for PBXProject "MARS" */;
			compatibilityVersion = "Xcode 14.0";
			developmentRegion = en;
			hasScannedForEncodings = 0;
			knownRegions = (
				en,
				Base,
			);
			mainGroup = F12520202ACC033C00F1CAA6;
			packageReferences = (
				F1032EB42ACE913700905F5C /* XCRemoteSwiftPackageReference "Alamofire" */,
				F1032EBB2ACEA6CF00905F5C /* XCRemoteSwiftPackageReference "SwiftyJSON" */,
				F1032EBE2AD31BC700905F5C /* XCRemoteSwiftPackageReference "moa" */,
			);
			productRefGroup = F125202A2ACC033C00F1CAA6 /* Products */;
			projectDirPath = "";
			projectRoot = "";
			targets = (
				F12520282ACC033C00F1CAA6 /* MARS */,
			);
		};
/* End PBXProject section */

/* Begin PBXResourcesBuildPhase section */
		F12520272ACC033C00F1CAA6 /* Resources */ = {
			isa = PBXResourcesBuildPhase;
			buildActionMask = 2147483647;
			files = (
				F125203C2ACC033C00F1CAA6 /* LaunchScreen.storyboard in Resources */,
				F12520AA2ACCB1B600F1CAA6 /* MarsTableViewCell.xib in Resources */,
				F12520392ACC033C00F1CAA6 /* Assets.xcassets in Resources */,
				F125209E2ACC24C700F1CAA6 /* SF-Pro.ttf in Resources */,
				F12520462ACC1C8D00F1CAA6 /* CustomNavigationBar.xib in Resources */,
				F1032EE02AD4445500905F5C /* HistoryTableViewcell.xib in Resources */,
				F12520342ACC033C00F1CAA6 /* Main.storyboard in Resources */,
			);
			runOnlyForDeploymentPostprocessing = 0;
		};
/* End PBXResourcesBuildPhase section */

/* Begin PBXSourcesBuildPhase section */
		F12520252ACC033C00F1CAA6 /* Sources */ = {
			isa = PBXSourcesBuildPhase;
			buildActionMask = 2147483647;
			files = (
				F1032EC92AD4165500905F5C /* Extension CALayer.swift in Sources */,
				F1032EBA2ACE9EE900905F5C /* SpaceCameraImages.swift in Sources */,
				F12520442ACC1C6E00F1CAA6 /* CustomNavigationBar.swift in Sources */,
				F12520372ACC033C00F1CAA6 /* MARS.xcdatamodeld in Sources */,
				F12520AC2ACCC2DF00F1CAA6 /* UILabel.swift in Sources */,
				F1032EC62AD415CF00905F5C /* Potocol Cell Listener.swift in Sources */,
				F1032EE62AD4B30000905F5C /* HistorySeacrhParam+CoreDataProperties.swift in Sources */,
				F1032EE52AD4B30000905F5C /* HistorySeacrhParam+CoreDataClass.swift in Sources */,
				F1032EAF2ACD978A00905F5C /* CalendarPicker.swift in Sources */,
				F1032EAD2ACD618400905F5C /* Protocol NavBarListener.swift in Sources */,
				F1032EB32ACE2F2100905F5C /* HistoryViewController.swift in Sources */,
				F1032EDF2AD4445500905F5C /* HistoryTableViewcell.swift in Sources */,
				F12520312ACC033C00F1CAA6 /* ViewController.swift in Sources */,
				F1032EB12ACDF60500905F5C /* Camera_RoversFilterPicker.swift in Sources */,
				F1032EC22AD328F400905F5C /* ImageView.swift in Sources */,
				F12520A92ACCB1B600F1CAA6 /* MarsTableViewCell.swift in Sources */,
				F125202D2ACC033C00F1CAA6 /* AppDelegate.swift in Sources */,
				F125202F2ACC033C00F1CAA6 /* SceneDelegate.swift in Sources */,
			);
			runOnlyForDeploymentPostprocessing = 0;
		};
/* End PBXSourcesBuildPhase section */

/* Begin PBXVariantGroup section */
		F12520322ACC033C00F1CAA6 /* Main.storyboard */ = {
			isa = PBXVariantGroup;
			children = (
				F12520332ACC033C00F1CAA6 /* Base */,
			);
			name = Main.storyboard;
			sourceTree = "<group>";
		};
		F125203A2ACC033C00F1CAA6 /* LaunchScreen.storyboard */ = {
			isa = PBXVariantGroup;
			children = (
				F125203B2ACC033C00F1CAA6 /* Base */,
			);
			name = LaunchScreen.storyboard;
			sourceTree = "<group>";
		};
/* End PBXVariantGroup section */

/* Begin XCBuildConfiguration section */
		F125203E2ACC033C00F1CAA6 /* Debug */ = {
			isa = XCBuildConfiguration;
			buildSettings = {
				ALWAYS_SEARCH_USER_PATHS = NO;
				CLANG_ANALYZER_NONNULL = YES;
				CLANG_ANALYZER_NUMBER_OBJECT_CONVERSION = YES_AGGRESSIVE;
				CLANG_CXX_LANGUAGE_STANDARD = "gnu++20";
				CLANG_ENABLE_MODULES = YES;
				CLANG_ENABLE_OBJC_ARC = YES;
				CLANG_ENABLE_OBJC_WEAK = YES;
				CLANG_WARN_BLOCK_CAPTURE_AUTORELEASING = YES;
				CLANG_WARN_BOOL_CONVERSION = YES;
				CLANG_WARN_COMMA = YES;
				CLANG_WARN_CONSTANT_CONVERSION = YES;
				CLANG_WARN_DEPRECATED_OBJC_IMPLEMENTATIONS = YES;
				CLANG_WARN_DIRECT_OBJC_ISA_USAGE = YES_ERROR;
				CLANG_WARN_DOCUMENTATION_COMMENTS = YES;
				CLANG_WARN_EMPTY_BODY = YES;
				CLANG_WARN_ENUM_CONVERSION = YES;
				CLANG_WARN_INFINITE_RECURSION = YES;
				CLANG_WARN_INT_CONVERSION = YES;
				CLANG_WARN_NON_LITERAL_NULL_CONVERSION = YES;
				CLANG_WARN_OBJC_IMPLICIT_RETAIN_SELF = YES;
				CLANG_WARN_OBJC_LITERAL_CONVERSION = YES;
				CLANG_WARN_OBJC_ROOT_CLASS = YES_ERROR;
				CLANG_WARN_QUOTED_INCLUDE_IN_FRAMEWORK_HEADER = YES;
				CLANG_WARN_RANGE_LOOP_ANALYSIS = YES;
				CLANG_WARN_STRICT_PROTOTYPES = YES;
				CLANG_WARN_SUSPICIOUS_MOVE = YES;
				CLANG_WARN_UNGUARDED_AVAILABILITY = YES_AGGRESSIVE;
				CLANG_WARN_UNREACHABLE_CODE = YES;
				CLANG_WARN__DUPLICATE_METHOD_MATCH = YES;
				COPY_PHASE_STRIP = NO;
				DEBUG_INFORMATION_FORMAT = dwarf;
				ENABLE_STRICT_OBJC_MSGSEND = YES;
				ENABLE_TESTABILITY = YES;
				GCC_C_LANGUAGE_STANDARD = gnu11;
				GCC_DYNAMIC_NO_PIC = NO;
				GCC_NO_COMMON_BLOCKS = YES;
				GCC_OPTIMIZATION_LEVEL = 0;
				GCC_PREPROCESSOR_DEFINITIONS = (
					"DEBUG=1",
					"$(inherited)",
				);
				GCC_WARN_64_TO_32_BIT_CONVERSION = YES;
				GCC_WARN_ABOUT_RETURN_TYPE = YES_ERROR;
				GCC_WARN_UNDECLARED_SELECTOR = YES;
				GCC_WARN_UNINITIALIZED_AUTOS = YES_AGGRESSIVE;
				GCC_WARN_UNUSED_FUNCTION = YES;
				GCC_WARN_UNUSED_VARIABLE = YES;
				IPHONEOS_DEPLOYMENT_TARGET = 16.4;
				MTL_ENABLE_DEBUG_INFO = INCLUDE_SOURCE;
				MTL_FAST_MATH = YES;
				ONLY_ACTIVE_ARCH = YES;
				SDKROOT = iphoneos;
				SWIFT_ACTIVE_COMPILATION_CONDITIONS = DEBUG;
				SWIFT_OPTIMIZATION_LEVEL = "-Onone";
			};
			name = Debug;
		};
		F125203F2ACC033C00F1CAA6 /* Release */ = {
			isa = XCBuildConfiguration;
			buildSettings = {
				ALWAYS_SEARCH_USER_PATHS = NO;
				CLANG_ANALYZER_NONNULL = YES;
				CLANG_ANALYZER_NUMBER_OBJECT_CONVERSION = YES_AGGRESSIVE;
				CLANG_CXX_LANGUAGE_STANDARD = "gnu++20";
				CLANG_ENABLE_MODULES = YES;
				CLANG_ENABLE_OBJC_ARC = YES;
				CLANG_ENABLE_OBJC_WEAK = YES;
				CLANG_WARN_BLOCK_CAPTURE_AUTORELEASING = YES;
				CLANG_WARN_BOOL_CONVERSION = YES;
				CLANG_WARN_COMMA = YES;
				CLANG_WARN_CONSTANT_CONVERSION = YES;
				CLANG_WARN_DEPRECATED_OBJC_IMPLEMENTATIONS = YES;
				CLANG_WARN_DIRECT_OBJC_ISA_USAGE = YES_ERROR;
				CLANG_WARN_DOCUMENTATION_COMMENTS = YES;
				CLANG_WARN_EMPTY_BODY = YES;
				CLANG_WARN_ENUM_CONVERSION = YES;
				CLANG_WARN_INFINITE_RECURSION = YES;
				CLANG_WARN_INT_CONVERSION = YES;
				CLANG_WARN_NON_LITERAL_NULL_CONVERSION = YES;
				CLANG_WARN_OBJC_IMPLICIT_RETAIN_SELF = YES;
				CLANG_WARN_OBJC_LITERAL_CONVERSION = YES;
				CLANG_WARN_OBJC_ROOT_CLASS = YES_ERROR;
				CLANG_WARN_QUOTED_INCLUDE_IN_FRAMEWORK_HEADER = YES;
				CLANG_WARN_RANGE_LOOP_ANALYSIS = YES;
				CLANG_WARN_STRICT_PROTOTYPES = YES;
				CLANG_WARN_SUSPICIOUS_MOVE = YES;
				CLANG_WARN_UNGUARDED_AVAILABILITY = YES_AGGRESSIVE;
				CLANG_WARN_UNREACHABLE_CODE = YES;
				CLANG_WARN__DUPLICATE_METHOD_MATCH = YES;
				COPY_PHASE_STRIP = NO;
				DEBUG_INFORMATION_FORMAT = "dwarf-with-dsym";
				ENABLE_NS_ASSERTIONS = NO;
				ENABLE_STRICT_OBJC_MSGSEND = YES;
				GCC_C_LANGUAGE_STANDARD = gnu11;
				GCC_NO_COMMON_BLOCKS = YES;
				GCC_WARN_64_TO_32_BIT_CONVERSION = YES;
				GCC_WARN_ABOUT_RETURN_TYPE = YES_ERROR;
				GCC_WARN_UNDECLARED_SELECTOR = YES;
				GCC_WARN_UNINITIALIZED_AUTOS = YES_AGGRESSIVE;
				GCC_WARN_UNUSED_FUNCTION = YES;
				GCC_WARN_UNUSED_VARIABLE = YES;
				IPHONEOS_DEPLOYMENT_TARGET = 16.4;
				MTL_ENABLE_DEBUG_INFO = NO;
				MTL_FAST_MATH = YES;
				SDKROOT = iphoneos;
				SWIFT_COMPILATION_MODE = wholemodule;
				SWIFT_OPTIMIZATION_LEVEL = "-O";
				VALIDATE_PRODUCT = YES;
			};
			name = Release;
		};
		F12520412ACC033C00F1CAA6 /* Debug */ = {
			isa = XCBuildConfiguration;
			buildSettings = {
				ASSETCATALOG_COMPILER_APPICON_NAME = AppIcon;
				ASSETCATALOG_COMPILER_GLOBAL_ACCENT_COLOR_NAME = AccentColor;
				CODE_SIGN_STYLE = Automatic;
				CURRENT_PROJECT_VERSION = 1;
				GENERATE_INFOPLIST_FILE = YES;
				INFOPLIST_FILE = MARS/Info.plist;
				INFOPLIST_KEY_UIApplicationSupportsIndirectInputEvents = YES;
				INFOPLIST_KEY_UILaunchStoryboardName = LaunchScreen;
				INFOPLIST_KEY_UIMainStoryboardFile = Main;
				INFOPLIST_KEY_UISupportedInterfaceOrientations_iPad = "UIInterfaceOrientationPortrait UIInterfaceOrientationPortraitUpsideDown UIInterfaceOrientationLandscapeLeft UIInterfaceOrientationLandscapeRight";
				INFOPLIST_KEY_UISupportedInterfaceOrientations_iPhone = "UIInterfaceOrientationPortrait UIInterfaceOrientationLandscapeLeft UIInterfaceOrientationLandscapeRight";
				IPHONEOS_DEPLOYMENT_TARGET = 13.5;
				LD_RUNPATH_SEARCH_PATHS = (
					"$(inherited)",
					"@executable_path/Frameworks",
				);
				MARKETING_VERSION = 1.0;
				PRODUCT_BUNDLE_IDENTIFIER = com.test.testProduct.MARS;
				PRODUCT_NAME = "$(TARGET_NAME)";
				SUPPORTED_PLATFORMS = "iphoneos iphonesimulator";
				SUPPORTS_MACCATALYST = NO;
				SUPPORTS_MAC_DESIGNED_FOR_IPHONE_IPAD = NO;
				SWIFT_EMIT_LOC_STRINGS = YES;
				SWIFT_VERSION = 5.0;
				TARGETED_DEVICE_FAMILY = 1;
			};
			name = Debug;
		};
		F12520422ACC033C00F1CAA6 /* Release */ = {
			isa = XCBuildConfiguration;
			buildSettings = {
				ASSETCATALOG_COMPILER_APPICON_NAME = AppIcon;
				ASSETCATALOG_COMPILER_GLOBAL_ACCENT_COLOR_NAME = AccentColor;
				CODE_SIGN_STYLE = Automatic;
				CURRENT_PROJECT_VERSION = 1;
				GENERATE_INFOPLIST_FILE = YES;
				INFOPLIST_FILE = MARS/Info.plist;
				INFOPLIST_KEY_UIApplicationSupportsIndirectInputEvents = YES;
				INFOPLIST_KEY_UILaunchStoryboardName = LaunchScreen;
				INFOPLIST_KEY_UIMainStoryboardFile = Main;
				INFOPLIST_KEY_UISupportedInterfaceOrientations_iPad = "UIInterfaceOrientationPortrait UIInterfaceOrientationPortraitUpsideDown UIInterfaceOrientationLandscapeLeft UIInterfaceOrientationLandscapeRight";
				INFOPLIST_KEY_UISupportedInterfaceOrientations_iPhone = "UIInterfaceOrientationPortrait UIInterfaceOrientationLandscapeLeft UIInterfaceOrientationLandscapeRight";
				IPHONEOS_DEPLOYMENT_TARGET = 13.5;
				LD_RUNPATH_SEARCH_PATHS = (
					"$(inherited)",
					"@executable_path/Frameworks",
				);
				MARKETING_VERSION = 1.0;
				PRODUCT_BUNDLE_IDENTIFIER = com.test.testProduct.MARS;
				PRODUCT_NAME = "$(TARGET_NAME)";
				SUPPORTED_PLATFORMS = "iphoneos iphonesimulator";
				SUPPORTS_MACCATALYST = NO;
				SUPPORTS_MAC_DESIGNED_FOR_IPHONE_IPAD = NO;
				SWIFT_EMIT_LOC_STRINGS = YES;
				SWIFT_VERSION = 5.0;
				TARGETED_DEVICE_FAMILY = 1;
			};
			name = Release;
		};
/* End XCBuildConfiguration section */

/* Begin XCConfigurationList section */
		F12520242ACC033C00F1CAA6 /* Build configuration list for PBXProject "MARS" */ = {
			isa = XCConfigurationList;
			buildConfigurations = (
				F125203E2ACC033C00F1CAA6 /* Debug */,
				F125203F2ACC033C00F1CAA6 /* Release */,
			);
			defaultConfigurationIsVisible = 0;
			defaultConfigurationName = Release;
		};
		F12520402ACC033C00F1CAA6 /* Build configuration list for PBXNativeTarget "MARS" */ = {
			isa = XCConfigurationList;
			buildConfigurations = (
				F12520412ACC033C00F1CAA6 /* Debug */,
				F12520422ACC033C00F1CAA6 /* Release */,
			);
			defaultConfigurationIsVisible = 0;
			defaultConfigurationName = Release;
		};
/* End XCConfigurationList section */

/* Begin XCRemoteSwiftPackageReference section */
		F1032EB42ACE913700905F5C /* XCRemoteSwiftPackageReference "Alamofire" */ = {
			isa = XCRemoteSwiftPackageReference;
			repositoryURL = "https://github.com/Alamofire/Alamofire";
			requirement = {
				kind = upToNextMajorVersion;
				minimumVersion = 5.0.0;
			};
		};
		F1032EBB2ACEA6CF00905F5C /* XCRemoteSwiftPackageReference "SwiftyJSON" */ = {
			isa = XCRemoteSwiftPackageReference;
			repositoryURL = "https://github.com/SwiftyJSON/SwiftyJSON.git";
			requirement = {
				kind = upToNextMajorVersion;
				minimumVersion = 5.0.0;
			};
		};
		F1032EBE2AD31BC700905F5C /* XCRemoteSwiftPackageReference "moa" */ = {
			isa = XCRemoteSwiftPackageReference;
			repositoryURL = "https://github.com/evgenyneu/moa.git";
			requirement = {
				kind = upToNextMajorVersion;
				minimumVersion = 12.0.0;
			};
		};
/* End XCRemoteSwiftPackageReference section */

/* Begin XCSwiftPackageProductDependency section */
		F1032EB52ACE913700905F5C /* Alamofire */ = {
			isa = XCSwiftPackageProductDependency;
			package = F1032EB42ACE913700905F5C /* XCRemoteSwiftPackageReference "Alamofire" */;
			productName = Alamofire;
		};
		F1032EBC2ACEA6CF00905F5C /* SwiftyJSON */ = {
			isa = XCSwiftPackageProductDependency;
			package = F1032EBB2ACEA6CF00905F5C /* XCRemoteSwiftPackageReference "SwiftyJSON" */;
			productName = SwiftyJSON;
		};
		F1032EBF2AD31BC700905F5C /* moa */ = {
			isa = XCSwiftPackageProductDependency;
			package = F1032EBE2AD31BC700905F5C /* XCRemoteSwiftPackageReference "moa" */;
			productName = moa;
		};
/* End XCSwiftPackageProductDependency section */

/* Begin XCVersionGroup section */
		F12520352ACC033C00F1CAA6 /* MARS.xcdatamodeld */ = {
			isa = XCVersionGroup;
			children = (
				F12520362ACC033C00F1CAA6 /* MARS.xcdatamodel */,
			);
			currentVersion = F12520362ACC033C00F1CAA6 /* MARS.xcdatamodel */;
			path = MARS.xcdatamodeld;
			sourceTree = "<group>";
			versionGroupType = wrapper.xcdatamodel;
		};
/* End XCVersionGroup section */
	};
	rootObject = F12520212ACC033C00F1CAA6 /* Project object */;
}
